
Microsoft Visual Studio Solution File, Format Version 12.00
# Visual Studio 15
VisualStudioVersion = 15.0.28010.2016
MinimumVisualStudioVersion = 10.0.40219.1
Project("{FAE04EC0-301F-11D3-BF4B-00C04F79EFBC}") = "FifthPerformance", "FifthPerformance\FifthPerformance.csproj", "{0708C609-CE5F-4C5B-A52D-F42B360805A5}"
EndProject
Global
	GlobalSection(SolutionConfigurationPlatforms) = preSolution
		Debug|Any CPU = Debug|Any CPU
		Release|Any CPU = Release|Any CPU
	EndGlobalSection
	GlobalSection(ProjectConfigurationPlatforms) = postSolution
		{0708C609-CE5F-4C5B-A52D-F42B360805A5}.Debug|Any CPU.ActiveCfg = Debug|Any CPU
		{0708C609-CE5F-4C5B-A52D-F42B360805A5}.Debug|Any CPU.Build.0 = Debug|Any CPU
		{0708C609-CE5F-4C5B-A52D-F42B360805A5}.Release|Any CPU.ActiveCfg = Release|Any CPU
		{0708C609-CE5F-4C5B-A52D-F42B360805A5}.Release|Any CPU.Build.0 = Release|Any CPU
	EndGlobalSection
	GlobalSection(SolutionProperties) = preSolution
		HideSolutionNode = FALSE
	EndGlobalSection
	GlobalSection(ExtensibilityGlobals) = postSolution
		SolutionGuid = {C6045DCD-98A1-4D9D-B3BA-5B01B6045DC1}
	EndGlobalSection
EndGlobal
